
Microsoft Visual Studio Solution File, Format Version 12.00
# Visual Studio Version 17
VisualStudioVersion = 17.1.32210.238
MinimumVisualStudioVersion = 10.0.40219.1
Project("{FAE04EC0-301F-11D3-BF4B-00C04F79EFBC}") = "Lab_4", "Lab_4\Lab_4.csproj", "{B6C18DF7-10CA-43C4-9D31-1929495E590B}"
EndProject
Global
	GlobalSection(SolutionConfigurationPlatforms) = preSolution
		Debug|Any CPU = Debug|Any CPU
		Release|Any CPU = Release|Any CPU
	EndGlobalSection
	GlobalSection(ProjectConfigurationPlatforms) = postSolution
		{B6C18DF7-10CA-43C4-9D31-1929495E590B}.Debug|Any CPU.ActiveCfg = Debug|Any CPU
		{B6C18DF7-10CA-43C4-9D31-1929495E590B}.Debug|Any CPU.Build.0 = Debug|Any CPU
		{B6C18DF7-10CA-43C4-9D31-1929495E590B}.Release|Any CPU.ActiveCfg = Release|Any CPU
		{B6C18DF7-10CA-43C4-9D31-1929495E590B}.Release|Any CPU.Build.0 = Release|Any CPU
	EndGlobalSection
	GlobalSection(SolutionProperties) = preSolution
		HideSolutionNode = FALSE
	EndGlobalSection
	GlobalSection(ExtensibilityGlobals) = postSolution
		SolutionGuid = {65CFA2F7-C1D9-46EA-8B04-114FAD082750}
	EndGlobalSection
EndGlobal
